
Microsoft Visual Studio Solution File, Format Version 12.00
# Visual Studio Version 16
VisualStudioVersion = 16.0.29306.81
MinimumVisualStudioVersion = 10.0.40219.1
Project("{FAE04EC0-301F-11D3-BF4B-00C04F79EFBC}") = "ConsoleApp1", "ConsoleApp1\ConsoleApp1.csproj", "{DCE16FC5-B05C-4D90-8FB0-B76E5C27337B}"
EndProject
Project("{FAE04EC0-301F-11D3-BF4B-00C04F79EFBC}") = "UnitTestProject1", "UnitTestProject1\UnitTestProject1.csproj", "{82074CAC-0BDC-4D0B-93A9-41FF3B4CF135}"
EndProject
Global
	GlobalSection(SolutionConfigurationPlatforms) = preSolution
		Debug|Any CPU = Debug|Any CPU
		Release|Any CPU = Release|Any CPU
	EndGlobalSection
	GlobalSection(ProjectConfigurationPlatforms) = postSolution
		{DCE16FC5-B05C-4D90-8FB0-B76E5C27337B}.Debug|Any CPU.ActiveCfg = Debug|Any CPU
		{DCE16FC5-B05C-4D90-8FB0-B76E5C27337B}.Debug|Any CPU.Build.0 = Debug|Any CPU
		{DCE16FC5-B05C-4D90-8FB0-B76E5C27337B}.Release|Any CPU.ActiveCfg = Release|Any CPU
		{DCE16FC5-B05C-4D90-8FB0-B76E5C27337B}.Release|Any CPU.Build.0 = Release|Any CPU
		{82074CAC-0BDC-4D0B-93A9-41FF3B4CF135}.Debug|Any CPU.ActiveCfg = Debug|Any CPU
		{82074CAC-0BDC-4D0B-93A9-41FF3B4CF135}.Debug|Any CPU.Build.0 = Debug|Any CPU
		{82074CAC-0BDC-4D0B-93A9-41FF3B4CF135}.Release|Any CPU.ActiveCfg = Release|Any CPU
		{82074CAC-0BDC-4D0B-93A9-41FF3B4CF135}.Release|Any CPU.Build.0 = Release|Any CPU
	EndGlobalSection
	GlobalSection(SolutionProperties) = preSolution
		HideSolutionNode = FALSE
	EndGlobalSection
	GlobalSection(ExtensibilityGlobals) = postSolution
		SolutionGuid = {6869DE8D-7ECE-4C13-BAC1-2F9808B9D794}
	EndGlobalSection
EndGlobal
